// !$*UTF8*$!
{
	archiveVersion = 1;
	classes = {
	};
	objectVersion = 56;
	objects = {

/* Begin PBXBuildFile section */
		0A33B7622BA5F27000B209BF /* ImageCacheManager.swift in Sources */ = {isa = PBXBuildFile; fileRef = 0A33B7612BA5F27000B209BF /* ImageCacheManager.swift */; };
		0A33B7662BA60BFE00B209BF /* MovieDetailViewController.swift in Sources */ = {isa = PBXBuildFile; fileRef = 0A33B7652BA60BFE00B209BF /* MovieDetailViewController.swift */; };
		0A33B7682BA612DE00B209BF /* MovieDetailViewModel.swift in Sources */ = {isa = PBXBuildFile; fileRef = 0A33B7672BA612DE00B209BF /* MovieDetailViewModel.swift */; };
		0A4125252BA24DAE001520C2 /* TabbarController.swift in Sources */ = {isa = PBXBuildFile; fileRef = 0A4125242BA24DAE001520C2 /* TabbarController.swift */; };
		0A4125282BA24EF3001520C2 /* SearchViewController.swift in Sources */ = {isa = PBXBuildFile; fileRef = 0A4125272BA24EF3001520C2 /* SearchViewController.swift */; };
		0A41252B2BA24FA7001520C2 /* WatchListViewController.swift in Sources */ = {isa = PBXBuildFile; fileRef = 0A41252A2BA24FA7001520C2 /* WatchListViewController.swift */; };
		0A41252D2BA2513B001520C2 /* SearchViewModel.swift in Sources */ = {isa = PBXBuildFile; fileRef = 0A41252C2BA2513B001520C2 /* SearchViewModel.swift */; };
		0A67CE882BA5046700AD2B59 /* MovieCollectionViewCell.swift in Sources */ = {isa = PBXBuildFile; fileRef = 0A67CE872BA5046700AD2B59 /* MovieCollectionViewCell.swift */; };
		0A6BE90E2BF10B0800E1FB7E /* Input.swift in Sources */ = {isa = PBXBuildFile; fileRef = 0A6BE90D2BF10B0800E1FB7E /* Input.swift */; };
		0A6BE9102BF10B1100E1FB7E /* Output.swift in Sources */ = {isa = PBXBuildFile; fileRef = 0A6BE90F2BF10B1100E1FB7E /* Output.swift */; };
		0A6BE9122BF115D000E1FB7E /* MovieResponse.swift in Sources */ = {isa = PBXBuildFile; fileRef = 0A6BE9112BF115D000E1FB7E /* MovieResponse.swift */; };
		0A701A162BC89EB5000F7FA7 /* MovieRequest.swift in Sources */ = {isa = PBXBuildFile; fileRef = 0A701A152BC89EB5000F7FA7 /* MovieRequest.swift */; };
		0A9036E32BA6813B00218F2E /* MovieListViewController.swift in Sources */ = {isa = PBXBuildFile; fileRef = 0A9036E22BA6813A00218F2E /* MovieListViewController.swift */; };
		0A9036E62BA681F800218F2E /* MovieListViewModel.swift in Sources */ = {isa = PBXBuildFile; fileRef = 0A9036E52BA681F800218F2E /* MovieListViewModel.swift */; };
		0AB1E41C2BA79AFF00F0A026 /* WatchListViewModel.swift in Sources */ = {isa = PBXBuildFile; fileRef = 0AB1E41B2BA79AFF00F0A026 /* WatchListViewModel.swift */; };
		0AB2206B2B9DC72700A94ADA /* AppDelegate.swift in Sources */ = {isa = PBXBuildFile; fileRef = 0AB2206A2B9DC72700A94ADA /* AppDelegate.swift */; };
		0AB2206D2B9DC72700A94ADA /* SceneDelegate.swift in Sources */ = {isa = PBXBuildFile; fileRef = 0AB2206C2B9DC72700A94ADA /* SceneDelegate.swift */; };
		0AB2206F2B9DC72700A94ADA /* HomeViewController.swift in Sources */ = {isa = PBXBuildFile; fileRef = 0AB2206E2B9DC72700A94ADA /* HomeViewController.swift */; };
		0AB220742B9DC72800A94ADA /* Assets.xcassets in Resources */ = {isa = PBXBuildFile; fileRef = 0AB220732B9DC72800A94ADA /* Assets.xcassets */; };
		0AB220772B9DC72800A94ADA /* LaunchScreen.storyboard in Resources */ = {isa = PBXBuildFile; fileRef = 0AB220752B9DC72800A94ADA /* LaunchScreen.storyboard */; };
		0AB220842B9DD02B00A94ADA /* HomeViewModel.swift in Sources */ = {isa = PBXBuildFile; fileRef = 0AB220832B9DD02B00A94ADA /* HomeViewModel.swift */; };
		0AB220892B9DD38900A94ADA /* UIViewController+Ext.swift in Sources */ = {isa = PBXBuildFile; fileRef = 0AB220882B9DD38900A94ADA /* UIViewController+Ext.swift */; };
		0AB2208B2B9DD49900A94ADA /* CGFLoat+Ext.swift in Sources */ = {isa = PBXBuildFile; fileRef = 0AB2208A2B9DD49900A94ADA /* CGFLoat+Ext.swift */; };
		0AB2208D2B9DD98300A94ADA /* MovieService.swift in Sources */ = {isa = PBXBuildFile; fileRef = 0AB2208C2B9DD98300A94ADA /* MovieService.swift */; };
		0AB2208F2B9DDEB400A94ADA /* MovieListResponse.swift in Sources */ = {isa = PBXBuildFile; fileRef = 0AB2208E2B9DDEB400A94ADA /* MovieListResponse.swift */; };
		0AB220912B9DE0D200A94ADA /* EndPoint.swift in Sources */ = {isa = PBXBuildFile; fileRef = 0AB220902B9DE0D200A94ADA /* EndPoint.swift */; };
		0AB220932B9DFEDE00A94ADA /* UIView+Ext.swift in Sources */ = {isa = PBXBuildFile; fileRef = 0AB220922B9DFEDE00A94ADA /* UIView+Ext.swift */; };
		0AB220962B9E01CE00A94ADA /* HomeCollectionGenreCollectionViewCell.swift in Sources */ = {isa = PBXBuildFile; fileRef = 0AB220952B9E01CE00A94ADA /* HomeCollectionGenreCollectionViewCell.swift */; };
		0AB220992B9E0D6000A94ADA /* HomeSection.swift in Sources */ = {isa = PBXBuildFile; fileRef = 0AB220982B9E0D6000A94ADA /* HomeSection.swift */; };
		0AB2209B2B9E32F500A94ADA /* Genre.swift in Sources */ = {isa = PBXBuildFile; fileRef = 0AB2209A2B9E32F500A94ADA /* Genre.swift */; };
		0AB2209D2B9E351600A94ADA /* HomeMovieCollectionViewCell.swift in Sources */ = {isa = PBXBuildFile; fileRef = 0AB2209C2B9E351600A94ADA /* HomeMovieCollectionViewCell.swift */; };
		0AB2209F2B9E4EEE00A94ADA /* HomeHeaderCollectionReusableView.swift in Sources */ = {isa = PBXBuildFile; fileRef = 0AB2209E2B9E4EEE00A94ADA /* HomeHeaderCollectionReusableView.swift */; };
		0AB220A12B9E525400A94ADA /* UIImageView+Ext.swift in Sources */ = {isa = PBXBuildFile; fileRef = 0AB220A02B9E525400A94ADA /* UIImageView+Ext.swift */; };
		0AFB8D8A2B9F8D9C009570CD /* Constants.swift in Sources */ = {isa = PBXBuildFile; fileRef = 0AFB8D892B9F8D9C009570CD /* Constants.swift */; };
/* End PBXBuildFile section */

/* Begin PBXFileReference section */
		0A33B7612BA5F27000B209BF /* ImageCacheManager.swift */ = {isa = PBXFileReference; lastKnownFileType = sourcecode.swift; path = ImageCacheManager.swift; sourceTree = "<group>"; };
		0A33B7652BA60BFE00B209BF /* MovieDetailViewController.swift */ = {isa = PBXFileReference; lastKnownFileType = sourcecode.swift; path = MovieDetailViewController.swift; sourceTree = "<group>"; };
		0A33B7672BA612DE00B209BF /* MovieDetailViewModel.swift */ = {isa = PBXFileReference; lastKnownFileType = sourcecode.swift; path = MovieDetailViewModel.swift; sourceTree = "<group>"; };
		0A4125242BA24DAE001520C2 /* TabbarController.swift */ = {isa = PBXFileReference; lastKnownFileType = sourcecode.swift; path = TabbarController.swift; sourceTree = "<group>"; };
		0A4125272BA24EF3001520C2 /* SearchViewController.swift */ = {isa = PBXFileReference; lastKnownFileType = sourcecode.swift; path = SearchViewController.swift; sourceTree = "<group>"; };
		0A41252A2BA24FA7001520C2 /* WatchListViewController.swift */ = {isa = PBXFileReference; lastKnownFileType = sourcecode.swift; path = WatchListViewController.swift; sourceTree = "<group>"; };
		0A41252C2BA2513B001520C2 /* SearchViewModel.swift */ = {isa = PBXFileReference; lastKnownFileType = sourcecode.swift; path = SearchViewModel.swift; sourceTree = "<group>"; };
		0A67CE872BA5046700AD2B59 /* MovieCollectionViewCell.swift */ = {isa = PBXFileReference; lastKnownFileType = sourcecode.swift; path = MovieCollectionViewCell.swift; sourceTree = "<group>"; };
		0A6BE90D2BF10B0800E1FB7E /* Input.swift */ = {isa = PBXFileReference; lastKnownFileType = sourcecode.swift; path = Input.swift; sourceTree = "<group>"; };
		0A6BE90F2BF10B1100E1FB7E /* Output.swift */ = {isa = PBXFileReference; lastKnownFileType = sourcecode.swift; path = Output.swift; sourceTree = "<group>"; };
		0A6BE9112BF115D000E1FB7E /* MovieResponse.swift */ = {isa = PBXFileReference; lastKnownFileType = sourcecode.swift; path = MovieResponse.swift; sourceTree = "<group>"; };
		0A701A152BC89EB5000F7FA7 /* MovieRequest.swift */ = {isa = PBXFileReference; lastKnownFileType = sourcecode.swift; path = MovieRequest.swift; sourceTree = "<group>"; };
		0A9036E22BA6813A00218F2E /* MovieListViewController.swift */ = {isa = PBXFileReference; lastKnownFileType = sourcecode.swift; path = MovieListViewController.swift; sourceTree = "<group>"; };
		0A9036E52BA681F800218F2E /* MovieListViewModel.swift */ = {isa = PBXFileReference; lastKnownFileType = sourcecode.swift; path = MovieListViewModel.swift; sourceTree = "<group>"; };
		0AB1E41B2BA79AFF00F0A026 /* WatchListViewModel.swift */ = {isa = PBXFileReference; lastKnownFileType = sourcecode.swift; path = WatchListViewModel.swift; sourceTree = "<group>"; };
		0AB220672B9DC72700A94ADA /* MovieApp.app */ = {isa = PBXFileReference; explicitFileType = wrapper.application; includeInIndex = 0; path = MovieApp.app; sourceTree = BUILT_PRODUCTS_DIR; };
		0AB2206A2B9DC72700A94ADA /* AppDelegate.swift */ = {isa = PBXFileReference; lastKnownFileType = sourcecode.swift; path = AppDelegate.swift; sourceTree = "<group>"; };
		0AB2206C2B9DC72700A94ADA /* SceneDelegate.swift */ = {isa = PBXFileReference; lastKnownFileType = sourcecode.swift; path = SceneDelegate.swift; sourceTree = "<group>"; };
		0AB2206E2B9DC72700A94ADA /* HomeViewController.swift */ = {isa = PBXFileReference; lastKnownFileType = sourcecode.swift; path = HomeViewController.swift; sourceTree = "<group>"; };
		0AB220732B9DC72800A94ADA /* Assets.xcassets */ = {isa = PBXFileReference; lastKnownFileType = folder.assetcatalog; path = Assets.xcassets; sourceTree = "<group>"; };
		0AB220762B9DC72800A94ADA /* Base */ = {isa = PBXFileReference; lastKnownFileType = file.storyboard; name = Base; path = Base.lproj/LaunchScreen.storyboard; sourceTree = "<group>"; };
		0AB220782B9DC72800A94ADA /* Info.plist */ = {isa = PBXFileReference; lastKnownFileType = text.plist.xml; path = Info.plist; sourceTree = "<group>"; };
		0AB220832B9DD02B00A94ADA /* HomeViewModel.swift */ = {isa = PBXFileReference; lastKnownFileType = sourcecode.swift; path = HomeViewModel.swift; sourceTree = "<group>"; };
		0AB220882B9DD38900A94ADA /* UIViewController+Ext.swift */ = {isa = PBXFileReference; lastKnownFileType = sourcecode.swift; path = "UIViewController+Ext.swift"; sourceTree = "<group>"; };
		0AB2208A2B9DD49900A94ADA /* CGFLoat+Ext.swift */ = {isa = PBXFileReference; lastKnownFileType = sourcecode.swift; path = "CGFLoat+Ext.swift"; sourceTree = "<group>"; };
		0AB2208C2B9DD98300A94ADA /* MovieService.swift */ = {isa = PBXFileReference; lastKnownFileType = sourcecode.swift; path = MovieService.swift; sourceTree = "<group>"; };
		0AB2208E2B9DDEB400A94ADA /* MovieListResponse.swift */ = {isa = PBXFileReference; lastKnownFileType = sourcecode.swift; path = MovieListResponse.swift; sourceTree = "<group>"; };
		0AB220902B9DE0D200A94ADA /* EndPoint.swift */ = {isa = PBXFileReference; lastKnownFileType = sourcecode.swift; path = EndPoint.swift; sourceTree = "<group>"; };
		0AB220922B9DFEDE00A94ADA /* UIView+Ext.swift */ = {isa = PBXFileReference; lastKnownFileType = sourcecode.swift; path = "UIView+Ext.swift"; sourceTree = "<group>"; };
		0AB220952B9E01CE00A94ADA /* HomeCollectionGenreCollectionViewCell.swift */ = {isa = PBXFileReference; lastKnownFileType = sourcecode.swift; path = HomeCollectionGenreCollectionViewCell.swift; sourceTree = "<group>"; };
		0AB220982B9E0D6000A94ADA /* HomeSection.swift */ = {isa = PBXFileReference; lastKnownFileType = sourcecode.swift; path = HomeSection.swift; sourceTree = "<group>"; };
		0AB2209A2B9E32F500A94ADA /* Genre.swift */ = {isa = PBXFileReference; lastKnownFileType = sourcecode.swift; path = Genre.swift; sourceTree = "<group>"; };
		0AB2209C2B9E351600A94ADA /* HomeMovieCollectionViewCell.swift */ = {isa = PBXFileReference; lastKnownFileType = sourcecode.swift; path = HomeMovieCollectionViewCell.swift; sourceTree = "<group>"; };
		0AB2209E2B9E4EEE00A94ADA /* HomeHeaderCollectionReusableView.swift */ = {isa = PBXFileReference; lastKnownFileType = sourcecode.swift; path = HomeHeaderCollectionReusableView.swift; sourceTree = "<group>"; };
		0AB220A02B9E525400A94ADA /* UIImageView+Ext.swift */ = {isa = PBXFileReference; lastKnownFileType = sourcecode.swift; path = "UIImageView+Ext.swift"; sourceTree = "<group>"; };
		0AFB8D892B9F8D9C009570CD /* Constants.swift */ = {isa = PBXFileReference; lastKnownFileType = sourcecode.swift; path = Constants.swift; sourceTree = "<group>"; };
/* End PBXFileReference section */

/* Begin PBXFrameworksBuildPhase section */
		0AB220642B9DC72700A94ADA /* Frameworks */ = {
			isa = PBXFrameworksBuildPhase;
			buildActionMask = 2147483647;
			files = (
			);
			runOnlyForDeploymentPostprocessing = 0;
		};
/* End PBXFrameworksBuildPhase section */

/* Begin PBXGroup section */
		0A33B7602BA5F21700B209BF /* Managers */ = {
			isa = PBXGroup;
			children = (
				0A33B7612BA5F27000B209BF /* ImageCacheManager.swift */,
			);
			path = Managers;
			sourceTree = "<group>";
		};
		0A33B7632BA60B3900B209BF /* Other */ = {
			isa = PBXGroup;
			children = (
				0A9036E42BA6815800218F2E /* MovieList */,
				0A33B7642BA60BBD00B209BF /* MovieDetail */,
			);
			path = Other;
			sourceTree = "<group>";
		};
		0A33B7642BA60BBD00B209BF /* MovieDetail */ = {
			isa = PBXGroup;
			children = (
				0A33B7652BA60BFE00B209BF /* MovieDetailViewController.swift */,
				0A33B7672BA612DE00B209BF /* MovieDetailViewModel.swift */,
			);
			path = MovieDetail;
			sourceTree = "<group>";
		};
		0A4125232BA24C51001520C2 /* Core */ = {
			isa = PBXGroup;
			children = (
				0A4125292BA24F62001520C2 /* WatchList */,
				0A4125262BA24EE2001520C2 /* Search */,
				0AB220822B9DCF4900A94ADA /* Home */,
				0A4125242BA24DAE001520C2 /* TabbarController.swift */,
			);
			path = Core;
			sourceTree = "<group>";
		};
		0A4125262BA24EE2001520C2 /* Search */ = {
			isa = PBXGroup;
			children = (
				0A4125272BA24EF3001520C2 /* SearchViewController.swift */,
				0A41252C2BA2513B001520C2 /* SearchViewModel.swift */,
			);
			path = Search;
			sourceTree = "<group>";
		};
		0A4125292BA24F62001520C2 /* WatchList */ = {
			isa = PBXGroup;
			children = (
				0A41252A2BA24FA7001520C2 /* WatchListViewController.swift */,
				0AB1E41B2BA79AFF00F0A026 /* WatchListViewModel.swift */,
			);
			path = WatchList;
			sourceTree = "<group>";
		};
		0A9036E42BA6815800218F2E /* MovieList */ = {
			isa = PBXGroup;
			children = (
				0A9036E22BA6813A00218F2E /* MovieListViewController.swift */,
				0A9036E52BA681F800218F2E /* MovieListViewModel.swift */,
			);
			path = MovieList;
			sourceTree = "<group>";
		};
		0A9036E72BA6839C00218F2E /* Views */ = {
			isa = PBXGroup;
			children = (
				0A67CE872BA5046700AD2B59 /* MovieCollectionViewCell.swift */,
			);
			path = Views;
			sourceTree = "<group>";
		};
		0AB2205E2B9DC72700A94ADA = {
			isa = PBXGroup;
			children = (
				0AB220692B9DC72700A94ADA /* MovieApp */,
				0AB220682B9DC72700A94ADA /* Products */,
			);
			sourceTree = "<group>";
		};
		0AB220682B9DC72700A94ADA /* Products */ = {
			isa = PBXGroup;
			children = (
				0AB220672B9DC72700A94ADA /* MovieApp.app */,
			);
			name = Products;
			sourceTree = "<group>";
		};
		0AB220692B9DC72700A94ADA /* MovieApp */ = {
			isa = PBXGroup;
			children = (
				0A9036E72BA6839C00218F2E /* Views */,
				0AB220852B9DD36A00A94ADA /* Utilities */,
				0AB220812B9DCDF300A94ADA /* Models */,
				0AB220802B9DCD0B00A94ADA /* Service */,
				0AB2207F2B9DCCFF00A94ADA /* Controllers */,
				0AB2207E2B9DC77F00A94ADA /* Support */,
			);
			path = MovieApp;
			sourceTree = "<group>";
		};
		0AB2207E2B9DC77F00A94ADA /* Support */ = {
			isa = PBXGroup;
			children = (
				0AB220732B9DC72800A94ADA /* Assets.xcassets */,
				0AB220752B9DC72800A94ADA /* LaunchScreen.storyboard */,
				0AB220782B9DC72800A94ADA /* Info.plist */,
				0AB2206A2B9DC72700A94ADA /* AppDelegate.swift */,
				0AB2206C2B9DC72700A94ADA /* SceneDelegate.swift */,
			);
			path = Support;
			sourceTree = "<group>";
		};
		0AB2207F2B9DCCFF00A94ADA /* Controllers */ = {
			isa = PBXGroup;
			children = (
				0A33B7632BA60B3900B209BF /* Other */,
				0A4125232BA24C51001520C2 /* Core */,
			);
			path = Controllers;
			sourceTree = "<group>";
		};
		0AB220802B9DCD0B00A94ADA /* Service */ = {
			isa = PBXGroup;
			children = (
				0AB2208C2B9DD98300A94ADA /* MovieService.swift */,
				0AB220902B9DE0D200A94ADA /* EndPoint.swift */,
			);
			path = Service;
			sourceTree = "<group>";
		};
		0AB220812B9DCDF300A94ADA /* Models */ = {
			isa = PBXGroup;
			children = (
				0AB2208E2B9DDEB400A94ADA /* MovieListResponse.swift */,
				0AB2209A2B9E32F500A94ADA /* Genre.swift */,
				0A701A152BC89EB5000F7FA7 /* MovieRequest.swift */,
				0A6BE9112BF115D000E1FB7E /* MovieResponse.swift */,
			);
			path = Models;
			sourceTree = "<group>";
		};
		0AB220822B9DCF4900A94ADA /* Home */ = {
			isa = PBXGroup;
			children = (
				0AB220942B9E01AB00A94ADA /* Views */,
				0AB2206E2B9DC72700A94ADA /* HomeViewController.swift */,
				0AB220832B9DD02B00A94ADA /* HomeViewModel.swift */,
			);
			path = Home;
			sourceTree = "<group>";
		};
		0AB220852B9DD36A00A94ADA /* Utilities */ = {
			isa = PBXGroup;
			children = (
				0A33B7602BA5F21700B209BF /* Managers */,
				0AFB8D882B9F8D91009570CD /* Constants */,
				0AB220972B9E0D5500A94ADA /* Enums */,
				0AB220872B9DD37C00A94ADA /* Extensions */,
			);
			path = Utilities;
			sourceTree = "<group>";
		};
		0AB220872B9DD37C00A94ADA /* Extensions */ = {
			isa = PBXGroup;
			children = (
				0AB220882B9DD38900A94ADA /* UIViewController+Ext.swift */,
				0AB2208A2B9DD49900A94ADA /* CGFLoat+Ext.swift */,
				0AB220922B9DFEDE00A94ADA /* UIView+Ext.swift */,
				0AB220A02B9E525400A94ADA /* UIImageView+Ext.swift */,
			);
			path = Extensions;
			sourceTree = "<group>";
		};
		0AB220942B9E01AB00A94ADA /* Views */ = {
			isa = PBXGroup;
			children = (
				0AB220952B9E01CE00A94ADA /* HomeCollectionGenreCollectionViewCell.swift */,
				0AB2209C2B9E351600A94ADA /* HomeMovieCollectionViewCell.swift */,
				0AB2209E2B9E4EEE00A94ADA /* HomeHeaderCollectionReusableView.swift */,
			);
			path = Views;
			sourceTree = "<group>";
		};
		0AB220972B9E0D5500A94ADA /* Enums */ = {
			isa = PBXGroup;
			children = (
				0AB220982B9E0D6000A94ADA /* HomeSection.swift */,
				0A6BE90D2BF10B0800E1FB7E /* Input.swift */,
				0A6BE90F2BF10B1100E1FB7E /* Output.swift */,
			);
			path = Enums;
			sourceTree = "<group>";
		};
		0AFB8D882B9F8D91009570CD /* Constants */ = {
			isa = PBXGroup;
			children = (
				0AFB8D892B9F8D9C009570CD /* Constants.swift */,
			);
			path = Constants;
			sourceTree = "<group>";
		};
/* End PBXGroup section */

/* Begin PBXNativeTarget section */
		0AB220662B9DC72700A94ADA /* MovieApp */ = {
			isa = PBXNativeTarget;
			buildConfigurationList = 0AB2207B2B9DC72800A94ADA /* Build configuration list for PBXNativeTarget "MovieApp" */;
			buildPhases = (
				0AB220632B9DC72700A94ADA /* Sources */,
				0AB220642B9DC72700A94ADA /* Frameworks */,
				0AB220652B9DC72700A94ADA /* Resources */,
			);
			buildRules = (
			);
			dependencies = (
			);
			name = MovieApp;
			productName = MovieApp;
			productReference = 0AB220672B9DC72700A94ADA /* MovieApp.app */;
			productType = "com.apple.product-type.application";
		};
/* End PBXNativeTarget section */

/* Begin PBXProject section */
		0AB2205F2B9DC72700A94ADA /* Project object */ = {
			isa = PBXProject;
			attributes = {
				BuildIndependentTargetsInParallel = 1;
				LastSwiftUpdateCheck = 1500;
				LastUpgradeCheck = 1500;
				TargetAttributes = {
					0AB220662B9DC72700A94ADA = {
						CreatedOnToolsVersion = 15.0;
					};
				};
			};
			buildConfigurationList = 0AB220622B9DC72700A94ADA /* Build configuration list for PBXProject "MovieApp" */;
			compatibilityVersion = "Xcode 14.0";
			developmentRegion = en;
			hasScannedForEncodings = 0;
			knownRegions = (
				en,
				Base,
			);
			mainGroup = 0AB2205E2B9DC72700A94ADA;
			productRefGroup = 0AB220682B9DC72700A94ADA /* Products */;
			projectDirPath = "";
			projectRoot = "";
			targets = (
				0AB220662B9DC72700A94ADA /* MovieApp */,
			);
		};
/* End PBXProject section */

/* Begin PBXResourcesBuildPhase section */
		0AB220652B9DC72700A94ADA /* Resources */ = {
			isa = PBXResourcesBuildPhase;
			buildActionMask = 2147483647;
			files = (
				0AB220772B9DC72800A94ADA /* LaunchScreen.storyboard in Resources */,
				0AB220742B9DC72800A94ADA /* Assets.xcassets in Resources */,
			);
			runOnlyForDeploymentPostprocessing = 0;
		};
/* End PBXResourcesBuildPhase section */

/* Begin PBXSourcesBuildPhase section */
		0AB220632B9DC72700A94ADA /* Sources */ = {
			isa = PBXSourcesBuildPhase;
			buildActionMask = 2147483647;
			files = (
				0AB2206F2B9DC72700A94ADA /* HomeViewController.swift in Sources */,
				0AFB8D8A2B9F8D9C009570CD /* Constants.swift in Sources */,
				0AB2206B2B9DC72700A94ADA /* AppDelegate.swift in Sources */,
				0A9036E62BA681F800218F2E /* MovieListViewModel.swift in Sources */,
				0A4125252BA24DAE001520C2 /* TabbarController.swift in Sources */,
				0A33B7662BA60BFE00B209BF /* MovieDetailViewController.swift in Sources */,
				0A4125282BA24EF3001520C2 /* SearchViewController.swift in Sources */,
				0A9036E32BA6813B00218F2E /* MovieListViewController.swift in Sources */,
				0AB220932B9DFEDE00A94ADA /* UIView+Ext.swift in Sources */,
				0AB2208B2B9DD49900A94ADA /* CGFLoat+Ext.swift in Sources */,
				0AB2209F2B9E4EEE00A94ADA /* HomeHeaderCollectionReusableView.swift in Sources */,
				0AB220912B9DE0D200A94ADA /* EndPoint.swift in Sources */,
				0A6BE9122BF115D000E1FB7E /* MovieResponse.swift in Sources */,
				0A67CE882BA5046700AD2B59 /* MovieCollectionViewCell.swift in Sources */,
				0AB220892B9DD38900A94ADA /* UIViewController+Ext.swift in Sources */,
				0AB220962B9E01CE00A94ADA /* HomeCollectionGenreCollectionViewCell.swift in Sources */,
				0AB220A12B9E525400A94ADA /* UIImageView+Ext.swift in Sources */,
				0AB2206D2B9DC72700A94ADA /* SceneDelegate.swift in Sources */,
				0AB2209D2B9E351600A94ADA /* HomeMovieCollectionViewCell.swift in Sources */,
				0AB220842B9DD02B00A94ADA /* HomeViewModel.swift in Sources */,
				0A41252D2BA2513B001520C2 /* SearchViewModel.swift in Sources */,
				0A701A162BC89EB5000F7FA7 /* MovieRequest.swift in Sources */,
				0AB2209B2B9E32F500A94ADA /* Genre.swift in Sources */,
				0A6BE90E2BF10B0800E1FB7E /* Input.swift in Sources */,
				0AB2208F2B9DDEB400A94ADA /* MovieListResponse.swift in Sources */,
				0A6BE9102BF10B1100E1FB7E /* Output.swift in Sources */,
				0AB220992B9E0D6000A94ADA /* HomeSection.swift in Sources */,
				0A33B7682BA612DE00B209BF /* MovieDetailViewModel.swift in Sources */,
				0A41252B2BA24FA7001520C2 /* WatchListViewController.swift in Sources */,
				0AB1E41C2BA79AFF00F0A026 /* WatchListViewModel.swift in Sources */,
				0AB2208D2B9DD98300A94ADA /* MovieService.swift in Sources */,
				0A33B7622BA5F27000B209BF /* ImageCacheManager.swift in Sources */,
			);
			runOnlyForDeploymentPostprocessing = 0;
		};
/* End PBXSourcesBuildPhase section */

/* Begin PBXVariantGroup section */
		0AB220752B9DC72800A94ADA /* LaunchScreen.storyboard */ = {
			isa = PBXVariantGroup;
			children = (
				0AB220762B9DC72800A94ADA /* Base */,
			);
			name = LaunchScreen.storyboard;
			sourceTree = "<group>";
		};
/* End PBXVariantGroup section */

/* Begin XCBuildConfiguration section */
		0AB220792B9DC72800A94ADA /* Debug */ = {
			isa = XCBuildConfiguration;
			buildSettings = {
				ALWAYS_SEARCH_USER_PATHS = NO;
				ASSETCATALOG_COMPILER_GENERATE_SWIFT_ASSET_SYMBOL_EXTENSIONS = YES;
				CLANG_ANALYZER_NONNULL = YES;
				CLANG_ANALYZER_NUMBER_OBJECT_CONVERSION = YES_AGGRESSIVE;
				CLANG_CXX_LANGUAGE_STANDARD = "gnu++20";
				CLANG_ENABLE_MODULES = YES;
				CLANG_ENABLE_OBJC_ARC = YES;
				CLANG_ENABLE_OBJC_WEAK = YES;
				CLANG_WARN_BLOCK_CAPTURE_AUTORELEASING = YES;
				CLANG_WARN_BOOL_CONVERSION = YES;
				CLANG_WARN_COMMA = YES;
				CLANG_WARN_CONSTANT_CONVERSION = YES;
				CLANG_WARN_DEPRECATED_OBJC_IMPLEMENTATIONS = YES;
				CLANG_WARN_DIRECT_OBJC_ISA_USAGE = YES_ERROR;
				CLANG_WARN_DOCUMENTATION_COMMENTS = YES;
				CLANG_WARN_EMPTY_BODY = YES;
				CLANG_WARN_ENUM_CONVERSION = YES;
				CLANG_WARN_INFINITE_RECURSION = YES;
				CLANG_WARN_INT_CONVERSION = YES;
				CLANG_WARN_NON_LITERAL_NULL_CONVERSION = YES;
				CLANG_WARN_OBJC_IMPLICIT_RETAIN_SELF = YES;
				CLANG_WARN_OBJC_LITERAL_CONVERSION = YES;
				CLANG_WARN_OBJC_ROOT_CLASS = YES_ERROR;
				CLANG_WARN_QUOTED_INCLUDE_IN_FRAMEWORK_HEADER = YES;
				CLANG_WARN_RANGE_LOOP_ANALYSIS = YES;
				CLANG_WARN_STRICT_PROTOTYPES = YES;
				CLANG_WARN_SUSPICIOUS_MOVE = YES;
				CLANG_WARN_UNGUARDED_AVAILABILITY = YES_AGGRESSIVE;
				CLANG_WARN_UNREACHABLE_CODE = YES;
				CLANG_WARN__DUPLICATE_METHOD_MATCH = YES;
				COPY_PHASE_STRIP = NO;
				DEBUG_INFORMATION_FORMAT = dwarf;
				ENABLE_STRICT_OBJC_MSGSEND = YES;
				ENABLE_TESTABILITY = YES;
				ENABLE_USER_SCRIPT_SANDBOXING = YES;
				GCC_C_LANGUAGE_STANDARD = gnu17;
				GCC_DYNAMIC_NO_PIC = NO;
				GCC_NO_COMMON_BLOCKS = YES;
				GCC_OPTIMIZATION_LEVEL = 0;
				GCC_PREPROCESSOR_DEFINITIONS = (
					"DEBUG=1",
					"$(inherited)",
				);
				GCC_WARN_64_TO_32_BIT_CONVERSION = YES;
				GCC_WARN_ABOUT_RETURN_TYPE = YES_ERROR;
				GCC_WARN_UNDECLARED_SELECTOR = YES;
				GCC_WARN_UNINITIALIZED_AUTOS = YES_AGGRESSIVE;
				GCC_WARN_UNUSED_FUNCTION = YES;
				GCC_WARN_UNUSED_VARIABLE = YES;
				IPHONEOS_DEPLOYMENT_TARGET = 17.0;
				LOCALIZATION_PREFERS_STRING_CATALOGS = YES;
				MTL_ENABLE_DEBUG_INFO = INCLUDE_SOURCE;
				MTL_FAST_MATH = YES;
				ONLY_ACTIVE_ARCH = YES;
				SDKROOT = iphoneos;
				SWIFT_ACTIVE_COMPILATION_CONDITIONS = "DEBUG $(inherited)";
				SWIFT_OPTIMIZATION_LEVEL = "-Onone";
			};
			name = Debug;
		};
		0AB2207A2B9DC72800A94ADA /* Release */ = {
			isa = XCBuildConfiguration;
			buildSettings = {
				ALWAYS_SEARCH_USER_PATHS = NO;
				ASSETCATALOG_COMPILER_GENERATE_SWIFT_ASSET_SYMBOL_EXTENSIONS = YES;
				CLANG_ANALYZER_NONNULL = YES;
				CLANG_ANALYZER_NUMBER_OBJECT_CONVERSION = YES_AGGRESSIVE;
				CLANG_CXX_LANGUAGE_STANDARD = "gnu++20";
				CLANG_ENABLE_MODULES = YES;
				CLANG_ENABLE_OBJC_ARC = YES;
				CLANG_ENABLE_OBJC_WEAK = YES;
				CLANG_WARN_BLOCK_CAPTURE_AUTORELEASING = YES;
				CLANG_WARN_BOOL_CONVERSION = YES;
				CLANG_WARN_COMMA = YES;
				CLANG_WARN_CONSTANT_CONVERSION = YES;
				CLANG_WARN_DEPRECATED_OBJC_IMPLEMENTATIONS = YES;
				CLANG_WARN_DIRECT_OBJC_ISA_USAGE = YES_ERROR;
				CLANG_WARN_DOCUMENTATION_COMMENTS = YES;
				CLANG_WARN_EMPTY_BODY = YES;
				CLANG_WARN_ENUM_CONVERSION = YES;
				CLANG_WARN_INFINITE_RECURSION = YES;
				CLANG_WARN_INT_CONVERSION = YES;
				CLANG_WARN_NON_LITERAL_NULL_CONVERSION = YES;
				CLANG_WARN_OBJC_IMPLICIT_RETAIN_SELF = YES;
				CLANG_WARN_OBJC_LITERAL_CONVERSION = YES;
				CLANG_WARN_OBJC_ROOT_CLASS = YES_ERROR;
				CLANG_WARN_QUOTED_INCLUDE_IN_FRAMEWORK_HEADER = YES;
				CLANG_WARN_RANGE_LOOP_ANALYSIS = YES;
				CLANG_WARN_STRICT_PROTOTYPES = YES;
				CLANG_WARN_SUSPICIOUS_MOVE = YES;
				CLANG_WARN_UNGUARDED_AVAILABILITY = YES_AGGRESSIVE;
				CLANG_WARN_UNREACHABLE_CODE = YES;
				CLANG_WARN__DUPLICATE_METHOD_MATCH = YES;
				COPY_PHASE_STRIP = NO;
				DEBUG_INFORMATION_FORMAT = "dwarf-with-dsym";
				ENABLE_NS_ASSERTIONS = NO;
				ENABLE_STRICT_OBJC_MSGSEND = YES;
				ENABLE_USER_SCRIPT_SANDBOXING = YES;
				GCC_C_LANGUAGE_STANDARD = gnu17;
				GCC_NO_COMMON_BLOCKS = YES;
				GCC_WARN_64_TO_32_BIT_CONVERSION = YES;
				GCC_WARN_ABOUT_RETURN_TYPE = YES_ERROR;
				GCC_WARN_UNDECLARED_SELECTOR = YES;
				GCC_WARN_UNINITIALIZED_AUTOS = YES_AGGRESSIVE;
				GCC_WARN_UNUSED_FUNCTION = YES;
				GCC_WARN_UNUSED_VARIABLE = YES;
				IPHONEOS_DEPLOYMENT_TARGET = 17.0;
				LOCALIZATION_PREFERS_STRING_CATALOGS = YES;
				MTL_ENABLE_DEBUG_INFO = NO;
				MTL_FAST_MATH = YES;
				SDKROOT = iphoneos;
				SWIFT_COMPILATION_MODE = wholemodule;
				VALIDATE_PRODUCT = YES;
			};
			name = Release;
		};
		0AB2207C2B9DC72800A94ADA /* Debug */ = {
			isa = XCBuildConfiguration;
			buildSettings = {
				ASSETCATALOG_COMPILER_APPICON_NAME = AppIcon;
				ASSETCATALOG_COMPILER_GLOBAL_ACCENT_COLOR_NAME = AccentColor;
				CODE_SIGN_STYLE = Automatic;
				CURRENT_PROJECT_VERSION = 1;
				DEVELOPMENT_TEAM = F8U69W5MA6;
				GENERATE_INFOPLIST_FILE = YES;
				INFOPLIST_FILE = MovieApp/Support/Info.plist;
				INFOPLIST_KEY_UIApplicationSupportsIndirectInputEvents = YES;
				INFOPLIST_KEY_UILaunchStoryboardName = LaunchScreen;
				INFOPLIST_KEY_UISupportedInterfaceOrientations_iPad = "UIInterfaceOrientationPortrait UIInterfaceOrientationPortraitUpsideDown UIInterfaceOrientationLandscapeLeft UIInterfaceOrientationLandscapeRight";
				INFOPLIST_KEY_UISupportedInterfaceOrientations_iPhone = "UIInterfaceOrientationPortrait UIInterfaceOrientationLandscapeLeft UIInterfaceOrientationLandscapeRight";
				LD_RUNPATH_SEARCH_PATHS = (
					"$(inherited)",
					"@executable_path/Frameworks",
				);
				MARKETING_VERSION = 1.0;
				PRODUCT_BUNDLE_IDENTIFIER = com.abdulkerim.MovieApp;
				PRODUCT_NAME = "$(TARGET_NAME)";
				SWIFT_EMIT_LOC_STRINGS = YES;
				SWIFT_VERSION = 5.0;
				TARGETED_DEVICE_FAMILY = "1,2";
			};
			name = Debug;
		};
		0AB2207D2B9DC72800A94ADA /* Release */ = {
			isa = XCBuildConfiguration;
			buildSettings = {
				ASSETCATALOG_COMPILER_APPICON_NAME = AppIcon;
				ASSETCATALOG_COMPILER_GLOBAL_ACCENT_COLOR_NAME = AccentColor;
				CODE_SIGN_STYLE = Automatic;
				CURRENT_PROJECT_VERSION = 1;
				DEVELOPMENT_TEAM = F8U69W5MA6;
				GENERATE_INFOPLIST_FILE = YES;
				INFOPLIST_FILE = MovieApp/Support/Info.plist;
				INFOPLIST_KEY_UIApplicationSupportsIndirectInputEvents = YES;
				INFOPLIST_KEY_UILaunchStoryboardName = LaunchScreen;
				INFOPLIST_KEY_UISupportedInterfaceOrientations_iPad = "UIInterfaceOrientationPortrait UIInterfaceOrientationPortraitUpsideDown UIInterfaceOrientationLandscapeLeft UIInterfaceOrientationLandscapeRight";
				INFOPLIST_KEY_UISupportedInterfaceOrientations_iPhone = "UIInterfaceOrientationPortrait UIInterfaceOrientationLandscapeLeft UIInterfaceOrientationLandscapeRight";
				LD_RUNPATH_SEARCH_PATHS = (
					"$(inherited)",
					"@executable_path/Frameworks",
				);
				MARKETING_VERSION = 1.0;
				PRODUCT_BUNDLE_IDENTIFIER = com.abdulkerim.MovieApp;
				PRODUCT_NAME = "$(TARGET_NAME)";
				SWIFT_EMIT_LOC_STRINGS = YES;
				SWIFT_VERSION = 5.0;
				TARGETED_DEVICE_FAMILY = "1,2";
			};
			name = Release;
		};
/* End XCBuildConfiguration section */

/* Begin XCConfigurationList section */
		0AB220622B9DC72700A94ADA /* Build configuration list for PBXProject "MovieApp" */ = {
			isa = XCConfigurationList;
			buildConfigurations = (
				0AB220792B9DC72800A94ADA /* Debug */,
				0AB2207A2B9DC72800A94ADA /* Release */,
			);
			defaultConfigurationIsVisible = 0;
			defaultConfigurationName = Release;
		};
		0AB2207B2B9DC72800A94ADA /* Build configuration list for PBXNativeTarget "MovieApp" */ = {
			isa = XCConfigurationList;
			buildConfigurations = (
				0AB2207C2B9DC72800A94ADA /* Debug */,
				0AB2207D2B9DC72800A94ADA /* Release */,
			);
			defaultConfigurationIsVisible = 0;
			defaultConfigurationName = Release;
		};
/* End XCConfigurationList section */
	};
	rootObject = 0AB2205F2B9DC72700A94ADA /* Project object */;
}
